
Microsoft Visual Studio Solution File, Format Version 12.00
# Visual Studio Version 17
VisualStudioVersion = 17.10.35122.118
MinimumVisualStudioVersion = 10.0.40219.1
Project("{9A19103F-16F7-4668-BE54-9A1E7A4F7556}") = "UserService", "UserService\UserService.csproj", "{A559694B-604B-46EF-9E2D-F3C52428E60B}"
EndProject
Project("{9A19103F-16F7-4668-BE54-9A1E7A4F7556}") = "BlogService", "BlogService\BlogService.csproj", "{774C4952-B483-4542-80CF-296610F2E163}"
EndProject
Project("{E53339B2-1760-4266-BCC7-CA923CBCF16C}") = "docker-compose", "docker-compose.dcproj", "{6E6E65A5-3A9C-43AC-A932-709CA5BDAEF7}"
EndProject
Project("{9A19103F-16F7-4668-BE54-9A1E7A4F7556}") = "ShopService", "ShopService\ShopService.csproj", "{29400A3C-F4E7-4DDF-891B-F5E415D35437}"
EndProject
Project("{FAE04EC0-301F-11D3-BF4B-00C04F79EFBC}") = "ProductService", "ProductService\ProductService.csproj", "{2E856FB0-D459-4703-A2D6-647BEC19ACED}"
EndProject
Global
	GlobalSection(SolutionConfigurationPlatforms) = preSolution
		Debug|Any CPU = Debug|Any CPU
		Release|Any CPU = Release|Any CPU
	EndGlobalSection
	GlobalSection(ProjectConfigurationPlatforms) = postSolution
		{A559694B-604B-46EF-9E2D-F3C52428E60B}.Debug|Any CPU.ActiveCfg = Debug|Any CPU
		{A559694B-604B-46EF-9E2D-F3C52428E60B}.Debug|Any CPU.Build.0 = Debug|Any CPU
		{A559694B-604B-46EF-9E2D-F3C52428E60B}.Release|Any CPU.ActiveCfg = Release|Any CPU
		{A559694B-604B-46EF-9E2D-F3C52428E60B}.Release|Any CPU.Build.0 = Release|Any CPU
		{774C4952-B483-4542-80CF-296610F2E163}.Debug|Any CPU.ActiveCfg = Debug|Any CPU
		{774C4952-B483-4542-80CF-296610F2E163}.Debug|Any CPU.Build.0 = Debug|Any CPU
		{774C4952-B483-4542-80CF-296610F2E163}.Release|Any CPU.ActiveCfg = Release|Any CPU
		{774C4952-B483-4542-80CF-296610F2E163}.Release|Any CPU.Build.0 = Release|Any CPU
		{6E6E65A5-3A9C-43AC-A932-709CA5BDAEF7}.Debug|Any CPU.ActiveCfg = Debug|Any CPU
		{6E6E65A5-3A9C-43AC-A932-709CA5BDAEF7}.Debug|Any CPU.Build.0 = Debug|Any CPU
		{6E6E65A5-3A9C-43AC-A932-709CA5BDAEF7}.Release|Any CPU.ActiveCfg = Release|Any CPU
		{6E6E65A5-3A9C-43AC-A932-709CA5BDAEF7}.Release|Any CPU.Build.0 = Release|Any CPU
		{29400A3C-F4E7-4DDF-891B-F5E415D35437}.Debug|Any CPU.ActiveCfg = Debug|Any CPU
		{29400A3C-F4E7-4DDF-891B-F5E415D35437}.Debug|Any CPU.Build.0 = Debug|Any CPU
		{29400A3C-F4E7-4DDF-891B-F5E415D35437}.Release|Any CPU.ActiveCfg = Release|Any CPU
		{29400A3C-F4E7-4DDF-891B-F5E415D35437}.Release|Any CPU.Build.0 = Release|Any CPU
		{2E856FB0-D459-4703-A2D6-647BEC19ACED}.Debug|Any CPU.ActiveCfg = Debug|Any CPU
		{2E856FB0-D459-4703-A2D6-647BEC19ACED}.Debug|Any CPU.Build.0 = Debug|Any CPU
		{2E856FB0-D459-4703-A2D6-647BEC19ACED}.Release|Any CPU.ActiveCfg = Release|Any CPU
		{2E856FB0-D459-4703-A2D6-647BEC19ACED}.Release|Any CPU.Build.0 = Release|Any CPU
	EndGlobalSection
	GlobalSection(SolutionProperties) = preSolution
		HideSolutionNode = FALSE
	EndGlobalSection
	GlobalSection(ExtensibilityGlobals) = postSolution
		SolutionGuid = {DF2FDC03-99A9-4520-88B2-A47E449873E1}
	EndGlobalSection
EndGlobal
